
Microsoft Visual Studio Solution File, Format Version 12.00
# Visual Studio Version 17
VisualStudioVersion = 17.2.32630.192
MinimumVisualStudioVersion = 10.0.40219.1
Project("{FAE04EC0-301F-11D3-BF4B-00C04F79EFBC}") = "MyLinq", "MyLinq\MyLinq.csproj", "{9E611928-4F98-4474-847A-FB1221DCD866}"
EndProject
Project("{FAE04EC0-301F-11D3-BF4B-00C04F79EFBC}") = "MyLinq.Tests", "MyLinq.Tests\MyLinq.Tests.csproj", "{55E29BC4-5E0F-4E66-826E-BF6598DDA107}"
EndProject
Global
	GlobalSection(SolutionConfigurationPlatforms) = preSolution
		Debug|Any CPU = Debug|Any CPU
		Release|Any CPU = Release|Any CPU
	EndGlobalSection
	GlobalSection(ProjectConfigurationPlatforms) = postSolution
		{9E611928-4F98-4474-847A-FB1221DCD866}.Debug|Any CPU.ActiveCfg = Debug|Any CPU
		{9E611928-4F98-4474-847A-FB1221DCD866}.Debug|Any CPU.Build.0 = Debug|Any CPU
		{9E611928-4F98-4474-847A-FB1221DCD866}.Release|Any CPU.ActiveCfg = Release|Any CPU
		{9E611928-4F98-4474-847A-FB1221DCD866}.Release|Any CPU.Build.0 = Release|Any CPU
		{55E29BC4-5E0F-4E66-826E-BF6598DDA107}.Debug|Any CPU.ActiveCfg = Debug|Any CPU
		{55E29BC4-5E0F-4E66-826E-BF6598DDA107}.Debug|Any CPU.Build.0 = Debug|Any CPU
		{55E29BC4-5E0F-4E66-826E-BF6598DDA107}.Release|Any CPU.ActiveCfg = Release|Any CPU
		{55E29BC4-5E0F-4E66-826E-BF6598DDA107}.Release|Any CPU.Build.0 = Release|Any CPU
	EndGlobalSection
	GlobalSection(SolutionProperties) = preSolution
		HideSolutionNode = FALSE
	EndGlobalSection
	GlobalSection(ExtensibilityGlobals) = postSolution
		SolutionGuid = {EEE002DC-95C5-4BBD-87C6-84C8FE7FEFD6}
	EndGlobalSection
EndGlobal
